
Microsoft Visual Studio Solution File, Format Version 12.00
# Visual Studio Version 17
VisualStudioVersion = 17.8.34330.188
MinimumVisualStudioVersion = 10.0.40219.1
Project("{FAE04EC0-301F-11D3-BF4B-00C04F79EFBC}") = "KauppalistaMaui", "KauppalistaMaui\KauppalistaMaui.csproj", "{71E0B79B-EB29-42A2-95F9-097273838A1A}"
EndProject
Global
	GlobalSection(SolutionConfigurationPlatforms) = preSolution
		Debug|Any CPU = Debug|Any CPU
		Release|Any CPU = Release|Any CPU
	EndGlobalSection
	GlobalSection(ProjectConfigurationPlatforms) = postSolution
		{71E0B79B-EB29-42A2-95F9-097273838A1A}.Debug|Any CPU.ActiveCfg = Debug|Any CPU
		{71E0B79B-EB29-42A2-95F9-097273838A1A}.Debug|Any CPU.Build.0 = Debug|Any CPU
		{71E0B79B-EB29-42A2-95F9-097273838A1A}.Debug|Any CPU.Deploy.0 = Debug|Any CPU
		{71E0B79B-EB29-42A2-95F9-097273838A1A}.Release|Any CPU.ActiveCfg = Release|Any CPU
		{71E0B79B-EB29-42A2-95F9-097273838A1A}.Release|Any CPU.Build.0 = Release|Any CPU
		{71E0B79B-EB29-42A2-95F9-097273838A1A}.Release|Any CPU.Deploy.0 = Release|Any CPU
	EndGlobalSection
	GlobalSection(SolutionProperties) = preSolution
		HideSolutionNode = FALSE
	EndGlobalSection
	GlobalSection(ExtensibilityGlobals) = postSolution
		SolutionGuid = {D2E120DA-AA67-4048-8807-EE0BC6D4B569}
	EndGlobalSection
EndGlobal
